
Microsoft Visual Studio Solution File, Format Version 12.00
# Visual Studio Version 17
VisualStudioVersion = 17.3.32825.248
MinimumVisualStudioVersion = 10.0.40219.1
Project("{FAE04EC0-301F-11D3-BF4B-00C04F79EFBC}") = "dev_test", "dev_test.csproj", "{AD8DA090-F856-4060-A9E7-0230ACE488AA}"
EndProject
Global
	GlobalSection(SolutionConfigurationPlatforms) = preSolution
		Debug|Any CPU = Debug|Any CPU
		Release|Any CPU = Release|Any CPU
	EndGlobalSection
	GlobalSection(ProjectConfigurationPlatforms) = postSolution
		{AD8DA090-F856-4060-A9E7-0230ACE488AA}.Debug|Any CPU.ActiveCfg = Debug|Any CPU
		{AD8DA090-F856-4060-A9E7-0230ACE488AA}.Debug|Any CPU.Build.0 = Debug|Any CPU
		{AD8DA090-F856-4060-A9E7-0230ACE488AA}.Release|Any CPU.ActiveCfg = Release|Any CPU
		{AD8DA090-F856-4060-A9E7-0230ACE488AA}.Release|Any CPU.Build.0 = Release|Any CPU
	EndGlobalSection
	GlobalSection(SolutionProperties) = preSolution
		HideSolutionNode = FALSE
	EndGlobalSection
	GlobalSection(ExtensibilityGlobals) = postSolution
		SolutionGuid = {9C51386A-CC5D-470F-9A88-7E5E0F9DAC63}
	EndGlobalSection
EndGlobal
